// !$*UTF8*$!
{
	archiveVersion = 1;
	classes = {
	};
	objectVersion = 50;
	objects = {

/* Begin PBXBuildFile section */
		3351094E2545A811003F5450 /* AppDelegate.m in Sources */ = {isa = PBXBuildFile; fileRef = 3351094D2545A811003F5450 /* AppDelegate.m */; };
		335109502545A815003F5450 /* Assets.xcassets in Resources */ = {isa = PBXBuildFile; fileRef = 3351094F2545A815003F5450 /* Assets.xcassets */; };
		335109532545A815003F5450 /* MainMenu.xib in Resources */ = {isa = PBXBuildFile; fileRef = 335109512545A815003F5450 /* MainMenu.xib */; };
		335109562545A815003F5450 /* main.m in Sources */ = {isa = PBXBuildFile; fileRef = 335109552545A815003F5450 /* main.m */; };
/* End PBXBuildFile section */

/* Begin PBXFileReference section */
		335109492545A811003F5450 /* nsstatusitem-lightdark-detect.app */ = {isa = PBXFileReference; explicitFileType = wrapper.application; includeInIndex = 0; path = "nsstatusitem-lightdark-detect.app"; sourceTree = BUILT_PRODUCTS_DIR; };
		3351094C2545A811003F5450 /* AppDelegate.h */ = {isa = PBXFileReference; lastKnownFileType = sourcecode.c.h; path = AppDelegate.h; sourceTree = "<group>"; };
		3351094D2545A811003F5450 /* AppDelegate.m */ = {isa = PBXFileReference; lastKnownFileType = sourcecode.c.objc; path = AppDelegate.m; sourceTree = "<group>"; };
		3351094F2545A815003F5450 /* Assets.xcassets */ = {isa = PBXFileReference; lastKnownFileType = folder.assetcatalog; path = Assets.xcassets; sourceTree = "<group>"; };
		335109522545A815003F5450 /* Base */ = {isa = PBXFileReference; lastKnownFileType = file.xib; name = Base; path = Base.lproj/MainMenu.xib; sourceTree = "<group>"; };
		335109542545A815003F5450 /* Info.plist */ = {isa = PBXFileReference; lastKnownFileType = text.plist.xml; path = Info.plist; sourceTree = "<group>"; };
		335109552545A815003F5450 /* main.m */ = {isa = PBXFileReference; lastKnownFileType = sourcecode.c.objc; path = main.m; sourceTree = "<group>"; };
		335109572545A815003F5450 /* nsstatusitem_lightdark_detect.entitlements */ = {isa = PBXFileReference; lastKnownFileType = text.plist.entitlements; path = nsstatusitem_lightdark_detect.entitlements; sourceTree = "<group>"; };
/* End PBXFileReference section */

/* Begin PBXFrameworksBuildPhase section */
		335109462545A811003F5450 /* Frameworks */ = {
			isa = PBXFrameworksBuildPhase;
			buildActionMask = 2147483647;
			files = (
			);
			runOnlyForDeploymentPostprocessing = 0;
		};
/* End PBXFrameworksBuildPhase section */

/* Begin PBXGroup section */
		335109402545A811003F5450 = {
			isa = PBXGroup;
			children = (
				3351094B2545A811003F5450 /* nsstatusitem-lightdark-detect */,
				3351094A2545A811003F5450 /* Products */,
			);
			sourceTree = "<group>";
		};
		3351094A2545A811003F5450 /* Products */ = {
			isa = PBXGroup;
			children = (
				335109492545A811003F5450 /* nsstatusitem-lightdark-detect.app */,
			);
			name = Products;
			sourceTree = "<group>";
		};
		3351094B2545A811003F5450 /* nsstatusitem-lightdark-detect */ = {
			isa = PBXGroup;
			children = (
				3351094C2545A811003F5450 /* AppDelegate.h */,
				3351094D2545A811003F5450 /* AppDelegate.m */,
				3351094F2545A815003F5450 /* Assets.xcassets */,
				335109512545A815003F5450 /* MainMenu.xib */,
				335109542545A815003F5450 /* Info.plist */,
				335109552545A815003F5450 /* main.m */,
				335109572545A815003F5450 /* nsstatusitem_lightdark_detect.entitlements */,
			);
			path = "nsstatusitem-lightdark-detect";
			sourceTree = "<group>";
		};
/* End PBXGroup section */

/* Begin PBXNativeTarget section */
		335109482545A811003F5450 /* nsstatusitem-lightdark-detect */ = {
			isa = PBXNativeTarget;
			buildConfigurationList = 3351095A2545A815003F5450 /* Build configuration list for PBXNativeTarget "nsstatusitem-lightdark-detect" */;
			buildPhases = (
				335109452545A811003F5450 /* Sources */,
				335109462545A811003F5450 /* Frameworks */,
				335109472545A811003F5450 /* Resources */,
			);
			buildRules = (
			);
			dependencies = (
			);
			name = "nsstatusitem-lightdark-detect";
			productName = "nsstatusitem-lightdark-detect";
			productReference = 335109492545A811003F5450 /* nsstatusitem-lightdark-detect.app */;
			productType = "com.apple.product-type.application";
		};
/* End PBXNativeTarget section */

/* Begin PBXProject section */
		335109412545A811003F5450 /* Project object */ = {
			isa = PBXProject;
			attributes = {
				LastUpgradeCheck = 1210;
				TargetAttributes = {
					335109482545A811003F5450 = {
						CreatedOnToolsVersion = 12.1;
					};
				};
			};
			buildConfigurationList = 335109442545A811003F5450 /* Build configuration list for PBXProject "nsstatusitem-lightdark-detect" */;
			compatibilityVersion = "Xcode 9.3";
			developmentRegion = en;
			hasScannedForEncodings = 0;
			knownRegions = (
				en,
				Base,
			);
			mainGroup = 335109402545A811003F5450;
			productRefGroup = 3351094A2545A811003F5450 /* Products */;
			projectDirPath = "";
			projectRoot = "";
			targets = (
				335109482545A811003F5450 /* nsstatusitem-lightdark-detect */,
			);
		};
/* End PBXProject section */

/* Begin PBXResourcesBuildPhase section */
		335109472545A811003F5450 /* Resources */ = {
			isa = PBXResourcesBuildPhase;
			buildActionMask = 2147483647;
			files = (
				335109502545A815003F5450 /* Assets.xcassets in Resources */,
				335109532545A815003F5450 /* MainMenu.xib in Resources */,
			);
			runOnlyForDeploymentPostprocessing = 0;
		};
/* End PBXResourcesBuildPhase section */

/* Begin PBXSourcesBuildPhase section */
		335109452545A811003F5450 /* Sources */ = {
			isa = PBXSourcesBuildPhase;
			buildActionMask = 2147483647;
			files = (
				335109562545A815003F5450 /* main.m in Sources */,
				3351094E2545A811003F5450 /* AppDelegate.m in Sources */,
			);
			runOnlyForDeploymentPostprocessing = 0;
		};
/* End PBXSourcesBuildPhase section */

/* Begin PBXVariantGroup section */
		335109512545A815003F5450 /* MainMenu.xib */ = {
			isa = PBXVariantGroup;
			children = (
				335109522545A815003F5450 /* Base */,
			);
			name = MainMenu.xib;
			sourceTree = "<group>";
		};
/* End PBXVariantGroup section */

/* Begin XCBuildConfiguration section */
		335109582545A815003F5450 /* Debug */ = {
			isa = XCBuildConfiguration;
			buildSettings = {
				ALWAYS_SEARCH_USER_PATHS = NO;
				CLANG_ANALYZER_NONNULL = YES;
				CLANG_ANALYZER_NUMBER_OBJECT_CONVERSION = YES_AGGRESSIVE;
				CLANG_CXX_LANGUAGE_STANDARD = "gnu++14";
				CLANG_CXX_LIBRARY = "libc++";
				CLANG_ENABLE_MODULES = YES;
				CLANG_ENABLE_OBJC_ARC = YES;
				CLANG_ENABLE_OBJC_WEAK = YES;
				CLANG_WARN_BLOCK_CAPTURE_AUTORELEASING = YES;
				CLANG_WARN_BOOL_CONVERSION = YES;
				CLANG_WARN_COMMA = YES;
				CLANG_WARN_CONSTANT_CONVERSION = YES;
				CLANG_WARN_DEPRECATED_OBJC_IMPLEMENTATIONS = YES;
				CLANG_WARN_DIRECT_OBJC_ISA_USAGE = YES_ERROR;
				CLANG_WARN_DOCUMENTATION_COMMENTS = YES;
				CLANG_WARN_EMPTY_BODY = YES;
				CLANG_WARN_ENUM_CONVERSION = YES;
				CLANG_WARN_INFINITE_RECURSION = YES;
				CLANG_WARN_INT_CONVERSION = YES;
				CLANG_WARN_NON_LITERAL_NULL_CONVERSION = YES;
				CLANG_WARN_OBJC_IMPLICIT_RETAIN_SELF = YES;
				CLANG_WARN_OBJC_LITERAL_CONVERSION = YES;
				CLANG_WARN_OBJC_ROOT_CLASS = YES_ERROR;
				CLANG_WARN_QUOTED_INCLUDE_IN_FRAMEWORK_HEADER = YES;
				CLANG_WARN_RANGE_LOOP_ANALYSIS = YES;
				CLANG_WARN_STRICT_PROTOTYPES = YES;
				CLANG_WARN_SUSPICIOUS_MOVE = YES;
				CLANG_WARN_UNGUARDED_AVAILABILITY = YES_AGGRESSIVE;
				CLANG_WARN_UNREACHABLE_CODE = YES;
				CLANG_WARN__DUPLICATE_METHOD_MATCH = YES;
				COPY_PHASE_STRIP = NO;
				DEBUG_INFORMATION_FORMAT = dwarf;
				ENABLE_STRICT_OBJC_MSGSEND = YES;
				ENABLE_TESTABILITY = YES;
				GCC_C_LANGUAGE_STANDARD = gnu11;
				GCC_DYNAMIC_NO_PIC = NO;
				GCC_NO_COMMON_BLOCKS = YES;
				GCC_OPTIMIZATION_LEVEL = 0;
				GCC_PREPROCESSOR_DEFINITIONS = (
					"DEBUG=1",
					"$(inherited)",
				);
				GCC_WARN_64_TO_32_BIT_CONVERSION = YES;
				GCC_WARN_ABOUT_RETURN_TYPE = YES_ERROR;
				GCC_WARN_UNDECLARED_SELECTOR = YES;
				GCC_WARN_UNINITIALIZED_AUTOS = YES_AGGRESSIVE;
				GCC_WARN_UNUSED_FUNCTION = YES;
				GCC_WARN_UNUSED_VARIABLE = YES;
				MACOSX_DEPLOYMENT_TARGET = 10.15;
				MTL_ENABLE_DEBUG_INFO = INCLUDE_SOURCE;
				MTL_FAST_MATH = YES;
				ONLY_ACTIVE_ARCH = YES;
				SDKROOT = macosx;
			};
			name = Debug;
		};
		335109592545A815003F5450 /* Release */ = {
			isa = XCBuildConfiguration;
			buildSettings = {
				ALWAYS_SEARCH_USER_PATHS = NO;
				CLANG_ANALYZER_NONNULL = YES;
				CLANG_ANALYZER_NUMBER_OBJECT_CONVERSION = YES_AGGRESSIVE;
				CLANG_CXX_LANGUAGE_STANDARD = "gnu++14";
				CLANG_CXX_LIBRARY = "libc++";
				CLANG_ENABLE_MODULES = YES;
				CLANG_ENABLE_OBJC_ARC = YES;
				CLANG_ENABLE_OBJC_WEAK = YES;
				CLANG_WARN_BLOCK_CAPTURE_AUTORELEASING = YES;
				CLANG_WARN_BOOL_CONVERSION = YES;
				CLANG_WARN_COMMA = YES;
				CLANG_WARN_CONSTANT_CONVERSION = YES;
				CLANG_WARN_DEPRECATED_OBJC_IMPLEMENTATIONS = YES;
				CLANG_WARN_DIRECT_OBJC_ISA_USAGE = YES_ERROR;
				CLANG_WARN_DOCUMENTATION_COMMENTS = YES;
				CLANG_WARN_EMPTY_BODY = YES;
				CLANG_WARN_ENUM_CONVERSION = YES;
				CLANG_WARN_INFINITE_RECURSION = YES;
				CLANG_WARN_INT_CONVERSION = YES;
				CLANG_WARN_NON_LITERAL_NULL_CONVERSION = YES;
				CLANG_WARN_OBJC_IMPLICIT_RETAIN_SELF = YES;
				CLANG_WARN_OBJC_LITERAL_CONVERSION = YES;
				CLANG_WARN_OBJC_ROOT_CLASS = YES_ERROR;
				CLANG_WARN_QUOTED_INCLUDE_IN_FRAMEWORK_HEADER = YES;
				CLANG_WARN_RANGE_LOOP_ANALYSIS = YES;
				CLANG_WARN_STRICT_PROTOTYPES = YES;
				CLANG_WARN_SUSPICIOUS_MOVE = YES;
				CLANG_WARN_UNGUARDED_AVAILABILITY = YES_AGGRESSIVE;
				CLANG_WARN_UNREACHABLE_CODE = YES;
				CLANG_WARN__DUPLICATE_METHOD_MATCH = YES;
				COPY_PHASE_STRIP = NO;
				DEBUG_INFORMATION_FORMAT = "dwarf-with-dsym";
				ENABLE_NS_ASSERTIONS = NO;
				ENABLE_STRICT_OBJC_MSGSEND = YES;
				GCC_C_LANGUAGE_STANDARD = gnu11;
				GCC_NO_COMMON_BLOCKS = YES;
				GCC_WARN_64_TO_32_BIT_CONVERSION = YES;
				GCC_WARN_ABOUT_RETURN_TYPE = YES_ERROR;
				GCC_WARN_UNDECLARED_SELECTOR = YES;
				GCC_WARN_UNINITIALIZED_AUTOS = YES_AGGRESSIVE;
				GCC_WARN_UNUSED_FUNCTION = YES;
				GCC_WARN_UNUSED_VARIABLE = YES;
				MACOSX_DEPLOYMENT_TARGET = 10.15;
				MTL_ENABLE_DEBUG_INFO = NO;
				MTL_FAST_MATH = YES;
				SDKROOT = macosx;
			};
			name = Release;
		};
		3351095B2545A815003F5450 /* Debug */ = {
			isa = XCBuildConfiguration;
			buildSettings = {
				ASSETCATALOG_COMPILER_APPICON_NAME = AppIcon;
				ASSETCATALOG_COMPILER_GLOBAL_ACCENT_COLOR_NAME = AccentColor;
				CODE_SIGN_ENTITLEMENTS = "nsstatusitem-lightdark-detect/nsstatusitem_lightdark_detect.entitlements";
				CODE_SIGN_STYLE = Automatic;
				COMBINE_HIDPI_IMAGES = YES;
				DEVELOPMENT_TEAM = 95AQ7YKR5A;
				ENABLE_HARDENED_RUNTIME = YES;
				INFOPLIST_FILE = "nsstatusitem-lightdark-detect/Info.plist";
				LD_RUNPATH_SEARCH_PATHS = (
					"$(inherited)",
					"@executable_path/../Frameworks",
				);
				PRODUCT_BUNDLE_IDENTIFIER = "com.yujitach.nsstatusitem-lightdark-detect";
				PRODUCT_NAME = "$(TARGET_NAME)";
			};
			name = Debug;
		};
		3351095C2545A815003F5450 /* Release */ = {
			isa = XCBuildConfiguration;
			buildSettings = {
				ASSETCATALOG_COMPILER_APPICON_NAME = AppIcon;
				ASSETCATALOG_COMPILER_GLOBAL_ACCENT_COLOR_NAME = AccentColor;
				CODE_SIGN_ENTITLEMENTS = "nsstatusitem-lightdark-detect/nsstatusitem_lightdark_detect.entitlements";
				CODE_SIGN_STYLE = Automatic;
				COMBINE_HIDPI_IMAGES = YES;
				DEVELOPMENT_TEAM = 95AQ7YKR5A;
				ENABLE_HARDENED_RUNTIME = YES;
				INFOPLIST_FILE = "nsstatusitem-lightdark-detect/Info.plist";
				LD_RUNPATH_SEARCH_PATHS = (
					"$(inherited)",
					"@executable_path/../Frameworks",
				);
				PRODUCT_BUNDLE_IDENTIFIER = "com.yujitach.nsstatusitem-lightdark-detect";
				PRODUCT_NAME = "$(TARGET_NAME)";
			};
			name = Release;
		};
/* End XCBuildConfiguration section */

/* Begin XCConfigurationList section */
		335109442545A811003F5450 /* Build configuration list for PBXProject "nsstatusitem-lightdark-detect" */ = {
			isa = XCConfigurationList;
			buildConfigurations = (
				335109582545A815003F5450 /* Debug */,
				335109592545A815003F5450 /* Release */,
			);
			defaultConfigurationIsVisible = 0;
			defaultConfigurationName = Release;
		};
		3351095A2545A815003F5450 /* Build configuration list for PBXNativeTarget "nsstatusitem-lightdark-detect" */ = {
			isa = XCConfigurationList;
			buildConfigurations = (
				3351095B2545A815003F5450 /* Debug */,
				3351095C2545A815003F5450 /* Release */,
			);
			defaultConfigurationIsVisible = 0;
			defaultConfigurationName = Release;
		};
/* End XCConfigurationList section */
	};
	rootObject = 335109412545A811003F5450 /* Project object */;
}
